{
  "name": "test",
  "version": "1.0.0",
  "lockfileVersion": 1,
  "requires": true,
  "dependencies": {
    "node": {
      "version": "10.18.1",
      "resolved": "https://registry.npmjs.org/node/-/node-10.18.1.tgz",
      "integrity": "sha512-q1a2p7bUcAGN3NCpIkD3J/RtXXUToiwaqgJHzAZltHFZVq37l3+XQq/G1fU5limbxdUYf0LNEs/b6Icz/JGMog==",
      "requires": {
        "node-bin-setup": "^1.0.0"
      },
      "dependencies": {
        "node-bin-setup": {
          "version": "1.0.6",
          "resolved": "https://registry.npmjs.org/node-bin-setup/-/node-bin-setup-1.0.6.tgz",
          "integrity": "sha512-uPIxXNis1CRbv1DwqAxkgBk5NFV3s7cMN/Gf556jSw6jBvV7ca4F9lRL/8cALcZecRibeqU+5dFYqFFmzv5a0Q=="
        }
      }
    }
  }
}
